
Microsoft Visual Studio Solution File, Format Version 12.00
# Visual Studio Version 16
VisualStudioVersion = 16.0.30523.141
MinimumVisualStudioVersion = 10.0.40219.1
Project("{8BC9CEB8-8B4A-11D0-8D11-00A0C91BC942}") = "Int128-CLI", "Int128-CLI\Int128-CLI.vcxproj", "{032B902A-BFD7-4B13-A602-96E1CD1A2661}"
EndProject
Project("{FAE04EC0-301F-11D3-BF4B-00C04F79EFBC}") = "Calculator", "Calculator\Calculator.csproj", "{516C13EE-AD8D-4394-92F6-A02A6083C386}"
EndProject
Project("{FAE04EC0-301F-11D3-BF4B-00C04F79EFBC}") = "SimpleExpressionEngine", "SimpleExpressionEngine\SimpleExpressionEngine.csproj", "{E0E8BAAD-A574-46FB-89B5-618955D1FA1F}"
EndProject
Project("{2150E333-8FDC-42A3-9474-1A3956D46DE8}") = "Solution Items", "Solution Items", "{27578A2A-EE2A-488C-B225-4FC456C08614}"
	ProjectSection(SolutionItems) = preProject
		.editorconfig = .editorconfig
	EndProjectSection
EndProject
Global
	GlobalSection(SolutionConfigurationPlatforms) = preSolution
		Debug|Any CPU = Debug|Any CPU
		Debug|x64 = Debug|x64
		Debug|x86 = Debug|x86
		Release|Any CPU = Release|Any CPU
		Release|x64 = Release|x64
		Release|x86 = Release|x86
	EndGlobalSection
	GlobalSection(ProjectConfigurationPlatforms) = postSolution
		{032B902A-BFD7-4B13-A602-96E1CD1A2661}.Debug|Any CPU.ActiveCfg = Debug|Win32
		{032B902A-BFD7-4B13-A602-96E1CD1A2661}.Debug|x64.ActiveCfg = Debug|x64
		{032B902A-BFD7-4B13-A602-96E1CD1A2661}.Debug|x64.Build.0 = Debug|x64
		{032B902A-BFD7-4B13-A602-96E1CD1A2661}.Debug|x86.ActiveCfg = Debug|Win32
		{032B902A-BFD7-4B13-A602-96E1CD1A2661}.Debug|x86.Build.0 = Debug|Win32
		{032B902A-BFD7-4B13-A602-96E1CD1A2661}.Release|Any CPU.ActiveCfg = Release|Win32
		{032B902A-BFD7-4B13-A602-96E1CD1A2661}.Release|x64.ActiveCfg = Release|x64
		{032B902A-BFD7-4B13-A602-96E1CD1A2661}.Release|x64.Build.0 = Release|x64
		{032B902A-BFD7-4B13-A602-96E1CD1A2661}.Release|x86.ActiveCfg = Release|Win32
		{032B902A-BFD7-4B13-A602-96E1CD1A2661}.Release|x86.Build.0 = Release|Win32
		{516C13EE-AD8D-4394-92F6-A02A6083C386}.Debug|Any CPU.ActiveCfg = Debug|Any CPU
		{516C13EE-AD8D-4394-92F6-A02A6083C386}.Debug|Any CPU.Build.0 = Debug|Any CPU
		{516C13EE-AD8D-4394-92F6-A02A6083C386}.Debug|x64.ActiveCfg = Debug|Any CPU
		{516C13EE-AD8D-4394-92F6-A02A6083C386}.Debug|x64.Build.0 = Debug|Any CPU
		{516C13EE-AD8D-4394-92F6-A02A6083C386}.Debug|x86.ActiveCfg = Debug|Any CPU
		{516C13EE-AD8D-4394-92F6-A02A6083C386}.Debug|x86.Build.0 = Debug|Any CPU
		{516C13EE-AD8D-4394-92F6-A02A6083C386}.Release|Any CPU.ActiveCfg = Release|Any CPU
		{516C13EE-AD8D-4394-92F6-A02A6083C386}.Release|Any CPU.Build.0 = Release|Any CPU
		{516C13EE-AD8D-4394-92F6-A02A6083C386}.Release|x64.ActiveCfg = Release|Any CPU
		{516C13EE-AD8D-4394-92F6-A02A6083C386}.Release|x64.Build.0 = Release|Any CPU
		{516C13EE-AD8D-4394-92F6-A02A6083C386}.Release|x86.ActiveCfg = Release|Any CPU
		{516C13EE-AD8D-4394-92F6-A02A6083C386}.Release|x86.Build.0 = Release|Any CPU
		{E0E8BAAD-A574-46FB-89B5-618955D1FA1F}.Debug|Any CPU.ActiveCfg = Debug|Any CPU
		{E0E8BAAD-A574-46FB-89B5-618955D1FA1F}.Debug|Any CPU.Build.0 = Debug|Any CPU
		{E0E8BAAD-A574-46FB-89B5-618955D1FA1F}.Debug|x64.ActiveCfg = Debug|Any CPU
		{E0E8BAAD-A574-46FB-89B5-618955D1FA1F}.Debug|x64.Build.0 = Debug|Any CPU
		{E0E8BAAD-A574-46FB-89B5-618955D1FA1F}.Debug|x86.ActiveCfg = Debug|Any CPU
		{E0E8BAAD-A574-46FB-89B5-618955D1FA1F}.Debug|x86.Build.0 = Debug|Any CPU
		{E0E8BAAD-A574-46FB-89B5-618955D1FA1F}.Release|Any CPU.ActiveCfg = Release|Any CPU
		{E0E8BAAD-A574-46FB-89B5-618955D1FA1F}.Release|Any CPU.Build.0 = Release|Any CPU
		{E0E8BAAD-A574-46FB-89B5-618955D1FA1F}.Release|x64.ActiveCfg = Release|Any CPU
		{E0E8BAAD-A574-46FB-89B5-618955D1FA1F}.Release|x64.Build.0 = Release|Any CPU
		{E0E8BAAD-A574-46FB-89B5-618955D1FA1F}.Release|x86.ActiveCfg = Release|Any CPU
		{E0E8BAAD-A574-46FB-89B5-618955D1FA1F}.Release|x86.Build.0 = Release|Any CPU
	EndGlobalSection
	GlobalSection(SolutionProperties) = preSolution
		HideSolutionNode = FALSE
	EndGlobalSection
	GlobalSection(ExtensibilityGlobals) = postSolution
		SolutionGuid = {C50C2970-0D78-4D23-A2E5-3536988CA275}
	EndGlobalSection
EndGlobal
